
Microsoft Visual Studio Solution File, Format Version 12.00
# Visual Studio Version 16
VisualStudioVersion = 16.0.30225.117
MinimumVisualStudioVersion = 10.0.40219.1
Project("{9A19103F-16F7-4668-BE54-9A1E7A4F7556}") = "ProjetoTeste", "ProjetoTeste\ProjetoTeste.csproj", "{B4BFAAE8-B55C-42C5-A5AF-A7BF64FB0760}"
EndProject
Project("{FAE04EC0-301F-11D3-BF4B-00C04F79EFBC}") = "ProjetoTestexUnit", "ProjetoTestexUnit\ProjetoTestexUnit.csproj", "{8E48E8D7-5F3E-4DFA-9F5B-56D056B8A88E}"
EndProject
Global
	GlobalSection(SolutionConfigurationPlatforms) = preSolution
		Debug|Any CPU = Debug|Any CPU
		Release|Any CPU = Release|Any CPU
	EndGlobalSection
	GlobalSection(ProjectConfigurationPlatforms) = postSolution
		{B4BFAAE8-B55C-42C5-A5AF-A7BF64FB0760}.Debug|Any CPU.ActiveCfg = Debug|Any CPU
		{B4BFAAE8-B55C-42C5-A5AF-A7BF64FB0760}.Debug|Any CPU.Build.0 = Debug|Any CPU
		{B4BFAAE8-B55C-42C5-A5AF-A7BF64FB0760}.Release|Any CPU.ActiveCfg = Release|Any CPU
		{B4BFAAE8-B55C-42C5-A5AF-A7BF64FB0760}.Release|Any CPU.Build.0 = Release|Any CPU
		{8E48E8D7-5F3E-4DFA-9F5B-56D056B8A88E}.Debug|Any CPU.ActiveCfg = Debug|Any CPU
		{8E48E8D7-5F3E-4DFA-9F5B-56D056B8A88E}.Debug|Any CPU.Build.0 = Debug|Any CPU
		{8E48E8D7-5F3E-4DFA-9F5B-56D056B8A88E}.Release|Any CPU.ActiveCfg = Release|Any CPU
		{8E48E8D7-5F3E-4DFA-9F5B-56D056B8A88E}.Release|Any CPU.Build.0 = Release|Any CPU
	EndGlobalSection
	GlobalSection(SolutionProperties) = preSolution
		HideSolutionNode = FALSE
	EndGlobalSection
	GlobalSection(ExtensibilityGlobals) = postSolution
		SolutionGuid = {57A3B3C6-CBE8-49A7-9EDD-A6E7C29EA6B8}
	EndGlobalSection
EndGlobal
